
Microsoft Visual Studio Solution File, Format Version 12.00
# Visual Studio Version 16
VisualStudioVersion = 16.0.29326.143
MinimumVisualStudioVersion = 15.0.26124.0
Project("{9A19103F-16F7-4668-BE54-9A1E7A4F7556}") = "Project0.UserInterface", "Project0.UserInterface\Project0.UserInterface.csproj", "{9EEF138A-E1A9-49C3-B442-835125FB8CDA}"
EndProject
Project("{9A19103F-16F7-4668-BE54-9A1E7A4F7556}") = "Project0.Business", "Project0.Business\Project0.Business.csproj", "{06F07755-0B86-4043-A172-9F13A02E512A}"
EndProject
Project("{9A19103F-16F7-4668-BE54-9A1E7A4F7556}") = "Project0.Data", "Project0.Data\Project0.Data.csproj", "{48AEE559-CC96-4B03-A69C-C22D1900C81F}"
EndProject
Project("{FAE04EC0-301F-11D3-BF4B-00C04F79EFBC}") = "Project0.Test", "Project0.Test\Project0.Test.csproj", "{49A733DC-DCDC-41C7-959B-281F3618BF1D}"
EndProject
Global
	GlobalSection(SolutionConfigurationPlatforms) = preSolution
		Debug|Any CPU = Debug|Any CPU
		Debug|x64 = Debug|x64
		Debug|x86 = Debug|x86
		Release|Any CPU = Release|Any CPU
		Release|x64 = Release|x64
		Release|x86 = Release|x86
	EndGlobalSection
	GlobalSection(ProjectConfigurationPlatforms) = postSolution
		{9EEF138A-E1A9-49C3-B442-835125FB8CDA}.Debug|Any CPU.ActiveCfg = Debug|Any CPU
		{9EEF138A-E1A9-49C3-B442-835125FB8CDA}.Debug|Any CPU.Build.0 = Debug|Any CPU
		{9EEF138A-E1A9-49C3-B442-835125FB8CDA}.Debug|x64.ActiveCfg = Debug|Any CPU
		{9EEF138A-E1A9-49C3-B442-835125FB8CDA}.Debug|x64.Build.0 = Debug|Any CPU
		{9EEF138A-E1A9-49C3-B442-835125FB8CDA}.Debug|x86.ActiveCfg = Debug|Any CPU
		{9EEF138A-E1A9-49C3-B442-835125FB8CDA}.Debug|x86.Build.0 = Debug|Any CPU
		{9EEF138A-E1A9-49C3-B442-835125FB8CDA}.Release|Any CPU.ActiveCfg = Release|Any CPU
		{9EEF138A-E1A9-49C3-B442-835125FB8CDA}.Release|Any CPU.Build.0 = Release|Any CPU
		{9EEF138A-E1A9-49C3-B442-835125FB8CDA}.Release|x64.ActiveCfg = Release|Any CPU
		{9EEF138A-E1A9-49C3-B442-835125FB8CDA}.Release|x64.Build.0 = Release|Any CPU
		{9EEF138A-E1A9-49C3-B442-835125FB8CDA}.Release|x86.ActiveCfg = Release|Any CPU
		{9EEF138A-E1A9-49C3-B442-835125FB8CDA}.Release|x86.Build.0 = Release|Any CPU
		{06F07755-0B86-4043-A172-9F13A02E512A}.Debug|Any CPU.ActiveCfg = Debug|Any CPU
		{06F07755-0B86-4043-A172-9F13A02E512A}.Debug|Any CPU.Build.0 = Debug|Any CPU
		{06F07755-0B86-4043-A172-9F13A02E512A}.Debug|x64.ActiveCfg = Debug|Any CPU
		{06F07755-0B86-4043-A172-9F13A02E512A}.Debug|x64.Build.0 = Debug|Any CPU
		{06F07755-0B86-4043-A172-9F13A02E512A}.Debug|x86.ActiveCfg = Debug|Any CPU
		{06F07755-0B86-4043-A172-9F13A02E512A}.Debug|x86.Build.0 = Debug|Any CPU
		{06F07755-0B86-4043-A172-9F13A02E512A}.Release|Any CPU.ActiveCfg = Release|Any CPU
		{06F07755-0B86-4043-A172-9F13A02E512A}.Release|Any CPU.Build.0 = Release|Any CPU
		{06F07755-0B86-4043-A172-9F13A02E512A}.Release|x64.ActiveCfg = Release|Any CPU
		{06F07755-0B86-4043-A172-9F13A02E512A}.Release|x64.Build.0 = Release|Any CPU
		{06F07755-0B86-4043-A172-9F13A02E512A}.Release|x86.ActiveCfg = Release|Any CPU
		{06F07755-0B86-4043-A172-9F13A02E512A}.Release|x86.Build.0 = Release|Any CPU
		{48AEE559-CC96-4B03-A69C-C22D1900C81F}.Debug|Any CPU.ActiveCfg = Debug|Any CPU
		{48AEE559-CC96-4B03-A69C-C22D1900C81F}.Debug|Any CPU.Build.0 = Debug|Any CPU
		{48AEE559-CC96-4B03-A69C-C22D1900C81F}.Debug|x64.ActiveCfg = Debug|Any CPU
		{48AEE559-CC96-4B03-A69C-C22D1900C81F}.Debug|x64.Build.0 = Debug|Any CPU
		{48AEE559-CC96-4B03-A69C-C22D1900C81F}.Debug|x86.ActiveCfg = Debug|Any CPU
		{48AEE559-CC96-4B03-A69C-C22D1900C81F}.Debug|x86.Build.0 = Debug|Any CPU
		{48AEE559-CC96-4B03-A69C-C22D1900C81F}.Release|Any CPU.ActiveCfg = Release|Any CPU
		{48AEE559-CC96-4B03-A69C-C22D1900C81F}.Release|Any CPU.Build.0 = Release|Any CPU
		{48AEE559-CC96-4B03-A69C-C22D1900C81F}.Release|x64.ActiveCfg = Release|Any CPU
		{48AEE559-CC96-4B03-A69C-C22D1900C81F}.Release|x64.Build.0 = Release|Any CPU
		{48AEE559-CC96-4B03-A69C-C22D1900C81F}.Release|x86.ActiveCfg = Release|Any CPU
		{48AEE559-CC96-4B03-A69C-C22D1900C81F}.Release|x86.Build.0 = Release|Any CPU
		{49A733DC-DCDC-41C7-959B-281F3618BF1D}.Debug|Any CPU.ActiveCfg = Debug|Any CPU
		{49A733DC-DCDC-41C7-959B-281F3618BF1D}.Debug|Any CPU.Build.0 = Debug|Any CPU
		{49A733DC-DCDC-41C7-959B-281F3618BF1D}.Debug|x64.ActiveCfg = Debug|Any CPU
		{49A733DC-DCDC-41C7-959B-281F3618BF1D}.Debug|x64.Build.0 = Debug|Any CPU
		{49A733DC-DCDC-41C7-959B-281F3618BF1D}.Debug|x86.ActiveCfg = Debug|Any CPU
		{49A733DC-DCDC-41C7-959B-281F3618BF1D}.Debug|x86.Build.0 = Debug|Any CPU
		{49A733DC-DCDC-41C7-959B-281F3618BF1D}.Release|Any CPU.ActiveCfg = Release|Any CPU
		{49A733DC-DCDC-41C7-959B-281F3618BF1D}.Release|Any CPU.Build.0 = Release|Any CPU
		{49A733DC-DCDC-41C7-959B-281F3618BF1D}.Release|x64.ActiveCfg = Release|Any CPU
		{49A733DC-DCDC-41C7-959B-281F3618BF1D}.Release|x64.Build.0 = Release|Any CPU
		{49A733DC-DCDC-41C7-959B-281F3618BF1D}.Release|x86.ActiveCfg = Release|Any CPU
		{49A733DC-DCDC-41C7-959B-281F3618BF1D}.Release|x86.Build.0 = Release|Any CPU
	EndGlobalSection
	GlobalSection(SolutionProperties) = preSolution
		HideSolutionNode = FALSE
	EndGlobalSection
	GlobalSection(ExtensibilityGlobals) = postSolution
		SolutionGuid = {69707EDA-9A96-4185-9ED2-AF5191C3C1CD}
	EndGlobalSection
EndGlobal
